
Microsoft Visual Studio Solution File, Format Version 12.00
# Visual Studio 15
VisualStudioVersion = 15.0.28010.2026
MinimumVisualStudioVersion = 10.0.40219.1
Project("{8BC9CEB8-8B4A-11D0-8D11-00A0C91BC942}") = "AstarVisualiser", "src\AstarVisualizer.vcxproj", "{A7C5FA7C-564C-46E1-A896-41FC72DFFE32}"
EndProject
Global
	GlobalSection(SolutionConfigurationPlatforms) = preSolution
		Debug|x86 = Debug|x86
		Release|x86 = Release|x86
	EndGlobalSection
	GlobalSection(ProjectConfigurationPlatforms) = postSolution
		{A7C5FA7C-564C-46E1-A896-41FC72DFFE32}.Debug|x86.ActiveCfg = Debug|Win32
		{A7C5FA7C-564C-46E1-A896-41FC72DFFE32}.Debug|x86.Build.0 = Debug|Win32
		{A7C5FA7C-564C-46E1-A896-41FC72DFFE32}.Release|x86.ActiveCfg = Release|Win32
		{A7C5FA7C-564C-46E1-A896-41FC72DFFE32}.Release|x86.Build.0 = Release|Win32
	EndGlobalSection
	GlobalSection(SolutionProperties) = preSolution
		HideSolutionNode = FALSE
	EndGlobalSection
	GlobalSection(ExtensibilityGlobals) = postSolution
		SolutionGuid = {BFE83EA0-D289-4E12-9C69-3580653C6E95}
	EndGlobalSection
EndGlobal
